
Microsoft Visual Studio Solution File, Format Version 12.00
# Visual Studio Version 16
VisualStudioVersion = 16.0.30104.148
MinimumVisualStudioVersion = 10.0.40219.1
Project("{9A19103F-16F7-4668-BE54-9A1E7A4F7556}") = "EmployeeManagementModels", "EmployeeManagementModels\EmployeeManagementModels.csproj", "{3B7B748D-9F3E-4D42-B498-B5D71C136D97}"
EndProject
Project("{9A19103F-16F7-4668-BE54-9A1E7A4F7556}") = "EmployeeManagement.Web", "EmployeeManagement.Web\EmployeeManagement.Web.csproj", "{BB61BBC2-25F4-41B7-BD6D-37303B5FD462}"
EndProject
Project("{9A19103F-16F7-4668-BE54-9A1E7A4F7556}") = "EmployeeManagement.Api", "EmployeeManagement.Api\EmployeeManagement.Api.csproj", "{3F9B920B-A5BE-4FD0-A61B-29E1B399E6F6}"
EndProject
Global
	GlobalSection(SolutionConfigurationPlatforms) = preSolution
		Debug|Any CPU = Debug|Any CPU
		Release|Any CPU = Release|Any CPU
	EndGlobalSection
	GlobalSection(ProjectConfigurationPlatforms) = postSolution
		{3B7B748D-9F3E-4D42-B498-B5D71C136D97}.Debug|Any CPU.ActiveCfg = Debug|Any CPU
		{3B7B748D-9F3E-4D42-B498-B5D71C136D97}.Debug|Any CPU.Build.0 = Debug|Any CPU
		{3B7B748D-9F3E-4D42-B498-B5D71C136D97}.Release|Any CPU.ActiveCfg = Release|Any CPU
		{3B7B748D-9F3E-4D42-B498-B5D71C136D97}.Release|Any CPU.Build.0 = Release|Any CPU
		{BB61BBC2-25F4-41B7-BD6D-37303B5FD462}.Debug|Any CPU.ActiveCfg = Debug|Any CPU
		{BB61BBC2-25F4-41B7-BD6D-37303B5FD462}.Debug|Any CPU.Build.0 = Debug|Any CPU
		{BB61BBC2-25F4-41B7-BD6D-37303B5FD462}.Release|Any CPU.ActiveCfg = Release|Any CPU
		{BB61BBC2-25F4-41B7-BD6D-37303B5FD462}.Release|Any CPU.Build.0 = Release|Any CPU
		{3F9B920B-A5BE-4FD0-A61B-29E1B399E6F6}.Debug|Any CPU.ActiveCfg = Debug|Any CPU
		{3F9B920B-A5BE-4FD0-A61B-29E1B399E6F6}.Debug|Any CPU.Build.0 = Debug|Any CPU
		{3F9B920B-A5BE-4FD0-A61B-29E1B399E6F6}.Release|Any CPU.ActiveCfg = Release|Any CPU
		{3F9B920B-A5BE-4FD0-A61B-29E1B399E6F6}.Release|Any CPU.Build.0 = Release|Any CPU
	EndGlobalSection
	GlobalSection(SolutionProperties) = preSolution
		HideSolutionNode = FALSE
	EndGlobalSection
	GlobalSection(ExtensibilityGlobals) = postSolution
		SolutionGuid = {8F83FA4B-1604-4D61-97B6-CAD2E897BA17}
	EndGlobalSection
EndGlobal
